
Microsoft Visual Studio Solution File, Format Version 12.00
# Visual Studio 15
VisualStudioVersion = 15.0.26124.0
MinimumVisualStudioVersion = 15.0.26124.0
Project("{FAE04EC0-301F-11D3-BF4B-00C04F79EFBC}") = "Domain", "Domain\Domain.csproj", "{19B07F18-0C4F-4C35-9754-D7DD5A1419CB}"
EndProject
Project("{FAE04EC0-301F-11D3-BF4B-00C04F79EFBC}") = "Application", "Application\Application.csproj", "{90CA49CC-3E5A-4121-BA2A-3A57E62677C2}"
EndProject
Project("{FAE04EC0-301F-11D3-BF4B-00C04F79EFBC}") = "Persistence", "Persistence\Persistence.csproj", "{904B8FA7-1DEE-46C5-BE5F-026CF35A4423}"
EndProject
Project("{FAE04EC0-301F-11D3-BF4B-00C04F79EFBC}") = "API", "API\API.csproj", "{F420C788-5CBD-49E7-88D9-E11AD4F94226}"
EndProject
Global
	GlobalSection(SolutionConfigurationPlatforms) = preSolution
		Debug|Any CPU = Debug|Any CPU
		Debug|x64 = Debug|x64
		Debug|x86 = Debug|x86
		Release|Any CPU = Release|Any CPU
		Release|x64 = Release|x64
		Release|x86 = Release|x86
	EndGlobalSection
	GlobalSection(SolutionProperties) = preSolution
		HideSolutionNode = FALSE
	EndGlobalSection
	GlobalSection(ProjectConfigurationPlatforms) = postSolution
		{19B07F18-0C4F-4C35-9754-D7DD5A1419CB}.Debug|Any CPU.ActiveCfg = Debug|Any CPU
		{19B07F18-0C4F-4C35-9754-D7DD5A1419CB}.Debug|Any CPU.Build.0 = Debug|Any CPU
		{19B07F18-0C4F-4C35-9754-D7DD5A1419CB}.Debug|x64.ActiveCfg = Debug|Any CPU
		{19B07F18-0C4F-4C35-9754-D7DD5A1419CB}.Debug|x64.Build.0 = Debug|Any CPU
		{19B07F18-0C4F-4C35-9754-D7DD5A1419CB}.Debug|x86.ActiveCfg = Debug|Any CPU
		{19B07F18-0C4F-4C35-9754-D7DD5A1419CB}.Debug|x86.Build.0 = Debug|Any CPU
		{19B07F18-0C4F-4C35-9754-D7DD5A1419CB}.Release|Any CPU.ActiveCfg = Release|Any CPU
		{19B07F18-0C4F-4C35-9754-D7DD5A1419CB}.Release|Any CPU.Build.0 = Release|Any CPU
		{19B07F18-0C4F-4C35-9754-D7DD5A1419CB}.Release|x64.ActiveCfg = Release|Any CPU
		{19B07F18-0C4F-4C35-9754-D7DD5A1419CB}.Release|x64.Build.0 = Release|Any CPU
		{19B07F18-0C4F-4C35-9754-D7DD5A1419CB}.Release|x86.ActiveCfg = Release|Any CPU
		{19B07F18-0C4F-4C35-9754-D7DD5A1419CB}.Release|x86.Build.0 = Release|Any CPU
		{90CA49CC-3E5A-4121-BA2A-3A57E62677C2}.Debug|Any CPU.ActiveCfg = Debug|Any CPU
		{90CA49CC-3E5A-4121-BA2A-3A57E62677C2}.Debug|Any CPU.Build.0 = Debug|Any CPU
		{90CA49CC-3E5A-4121-BA2A-3A57E62677C2}.Debug|x64.ActiveCfg = Debug|Any CPU
		{90CA49CC-3E5A-4121-BA2A-3A57E62677C2}.Debug|x64.Build.0 = Debug|Any CPU
		{90CA49CC-3E5A-4121-BA2A-3A57E62677C2}.Debug|x86.ActiveCfg = Debug|Any CPU
		{90CA49CC-3E5A-4121-BA2A-3A57E62677C2}.Debug|x86.Build.0 = Debug|Any CPU
		{90CA49CC-3E5A-4121-BA2A-3A57E62677C2}.Release|Any CPU.ActiveCfg = Release|Any CPU
		{90CA49CC-3E5A-4121-BA2A-3A57E62677C2}.Release|Any CPU.Build.0 = Release|Any CPU
		{90CA49CC-3E5A-4121-BA2A-3A57E62677C2}.Release|x64.ActiveCfg = Release|Any CPU
		{90CA49CC-3E5A-4121-BA2A-3A57E62677C2}.Release|x64.Build.0 = Release|Any CPU
		{90CA49CC-3E5A-4121-BA2A-3A57E62677C2}.Release|x86.ActiveCfg = Release|Any CPU
		{90CA49CC-3E5A-4121-BA2A-3A57E62677C2}.Release|x86.Build.0 = Release|Any CPU
		{904B8FA7-1DEE-46C5-BE5F-026CF35A4423}.Debug|Any CPU.ActiveCfg = Debug|Any CPU
		{904B8FA7-1DEE-46C5-BE5F-026CF35A4423}.Debug|Any CPU.Build.0 = Debug|Any CPU
		{904B8FA7-1DEE-46C5-BE5F-026CF35A4423}.Debug|x64.ActiveCfg = Debug|Any CPU
		{904B8FA7-1DEE-46C5-BE5F-026CF35A4423}.Debug|x64.Build.0 = Debug|Any CPU
		{904B8FA7-1DEE-46C5-BE5F-026CF35A4423}.Debug|x86.ActiveCfg = Debug|Any CPU
		{904B8FA7-1DEE-46C5-BE5F-026CF35A4423}.Debug|x86.Build.0 = Debug|Any CPU
		{904B8FA7-1DEE-46C5-BE5F-026CF35A4423}.Release|Any CPU.ActiveCfg = Release|Any CPU
		{904B8FA7-1DEE-46C5-BE5F-026CF35A4423}.Release|Any CPU.Build.0 = Release|Any CPU
		{904B8FA7-1DEE-46C5-BE5F-026CF35A4423}.Release|x64.ActiveCfg = Release|Any CPU
		{904B8FA7-1DEE-46C5-BE5F-026CF35A4423}.Release|x64.Build.0 = Release|Any CPU
		{904B8FA7-1DEE-46C5-BE5F-026CF35A4423}.Release|x86.ActiveCfg = Release|Any CPU
		{904B8FA7-1DEE-46C5-BE5F-026CF35A4423}.Release|x86.Build.0 = Release|Any CPU
		{F420C788-5CBD-49E7-88D9-E11AD4F94226}.Debug|Any CPU.ActiveCfg = Debug|Any CPU
		{F420C788-5CBD-49E7-88D9-E11AD4F94226}.Debug|Any CPU.Build.0 = Debug|Any CPU
		{F420C788-5CBD-49E7-88D9-E11AD4F94226}.Debug|x64.ActiveCfg = Debug|Any CPU
		{F420C788-5CBD-49E7-88D9-E11AD4F94226}.Debug|x64.Build.0 = Debug|Any CPU
		{F420C788-5CBD-49E7-88D9-E11AD4F94226}.Debug|x86.ActiveCfg = Debug|Any CPU
		{F420C788-5CBD-49E7-88D9-E11AD4F94226}.Debug|x86.Build.0 = Debug|Any CPU
		{F420C788-5CBD-49E7-88D9-E11AD4F94226}.Release|Any CPU.ActiveCfg = Release|Any CPU
		{F420C788-5CBD-49E7-88D9-E11AD4F94226}.Release|Any CPU.Build.0 = Release|Any CPU
		{F420C788-5CBD-49E7-88D9-E11AD4F94226}.Release|x64.ActiveCfg = Release|Any CPU
		{F420C788-5CBD-49E7-88D9-E11AD4F94226}.Release|x64.Build.0 = Release|Any CPU
		{F420C788-5CBD-49E7-88D9-E11AD4F94226}.Release|x86.ActiveCfg = Release|Any CPU
		{F420C788-5CBD-49E7-88D9-E11AD4F94226}.Release|x86.Build.0 = Release|Any CPU
	EndGlobalSection
EndGlobal
